
Microsoft Visual Studio Solution File, Format Version 12.00
# Visual Studio Version 16
VisualStudioVersion = 16.0.30503.244
MinimumVisualStudioVersion = 10.0.40219.1
Project("{FAE04EC0-301F-11D3-BF4B-00C04F79EFBC}") = "Royerzinho", "Royerzinho.csproj", "{8D729059-96B1-4EDF-8F21-F2340F5CDF67}"
EndProject
Global
	GlobalSection(SolutionConfigurationPlatforms) = preSolution
		Debug|Any CPU = Debug|Any CPU
		Release|Any CPU = Release|Any CPU
	EndGlobalSection
	GlobalSection(ProjectConfigurationPlatforms) = postSolution
		{8D729059-96B1-4EDF-8F21-F2340F5CDF67}.Debug|Any CPU.ActiveCfg = Debug|Any CPU
		{8D729059-96B1-4EDF-8F21-F2340F5CDF67}.Debug|Any CPU.Build.0 = Debug|Any CPU
		{8D729059-96B1-4EDF-8F21-F2340F5CDF67}.Release|Any CPU.ActiveCfg = Release|Any CPU
		{8D729059-96B1-4EDF-8F21-F2340F5CDF67}.Release|Any CPU.Build.0 = Release|Any CPU
	EndGlobalSection
	GlobalSection(SolutionProperties) = preSolution
		HideSolutionNode = FALSE
	EndGlobalSection
	GlobalSection(ExtensibilityGlobals) = postSolution
		SolutionGuid = {0872B099-CF4E-4BDB-A4C3-3F593B253BC8}
	EndGlobalSection
EndGlobal
